%{
  "brod": {:hex, :brod, "3.16.5", "c1ef9264bdc8d72e8f5b82234f1ad7f05c82f769851ed85393376a0d4b430812", [:rebar3], [{:kafka_protocol, "4.1.0", [hex: :kafka_protocol, repo: "hexpm", optional: false]}, {:snappyer, "1.2.8", [hex: :snappyer, repo: "hexpm", optional: false]}, {:supervisor3, "1.1.11", [hex: :supervisor3, repo: "hexpm", optional: false]}], "hexpm", "fad2d9c644ccdc6cda25dd96cee78376261f053e28ca0403f787338f4b20cc40"},
  "bunt": {:hex, :bunt, "0.2.1", "e2d4792f7bc0ced7583ab54922808919518d0e57ee162901a16a1b6664ef3b14", [:mix], [], "hexpm", "a330bfb4245239787b15005e66ae6845c9cd524a288f0d141c148b02603777a5"},
  "crc32cer": {:hex, :crc32cer, "0.1.8", "c6c2275c5fb60a95f4935d414f30b50ee9cfed494081c9b36ebb02edfc2f48db", [:rebar3], [], "hexpm", "251499085482920deb6c9b7aadabf9fb4c432f96add97ab42aee4501e5b6f591"},
  "credo": {:hex, :credo, "1.7.0", "6119bee47272e85995598ee04f2ebbed3e947678dee048d10b5feca139435f75", [:mix], [{:bunt, "~> 0.2.1", [hex: :bunt, repo: "hexpm", optional: false]}, {:file_system, "~> 0.2.8", [hex: :file_system, repo: "hexpm", optional: false]}, {:jason, "~> 1.0", [hex: :jason, repo: "hexpm", optional: false]}], "hexpm", "6839fcf63d1f0d1c0f450abc8564a57c43d644077ab96f2934563e68b8a769d7"},
  "dialyxir": {:hex, :dialyxir, "1.4.1", "a22ed1e7bd3a3e3f197b68d806ef66acb61ee8f57b3ac85fc5d57354c5482a93", [:mix], [{:erlex, ">= 0.2.6", [hex: :erlex, repo: "hexpm", optional: false]}], "hexpm", "84b795d6d7796297cca5a3118444b80c7d94f7ce247d49886e7c291e1ae49801"},
  "erlex": {:hex, :erlex, "0.2.6", "c7987d15e899c7a2f34f5420d2a2ea0d659682c06ac607572df55a43753aa12e", [:mix], [], "hexpm", "2ed2e25711feb44d52b17d2780eabf998452f6efda104877a3881c2f8c0c0c75"},
  "ex_machina": {:hex, :ex_machina, "2.7.0", "b792cc3127fd0680fecdb6299235b4727a4944a09ff0fa904cc639272cd92dc7", [:mix], [{:ecto, "~> 2.2 or ~> 3.0", [hex: :ecto, repo: "hexpm", optional: true]}, {:ecto_sql, "~> 3.0", [hex: :ecto_sql, repo: "hexpm", optional: true]}], "hexpm", "419aa7a39bde11894c87a615c4ecaa52d8f107bbdd81d810465186f783245bf8"},
  "file_system": {:hex, :file_system, "0.2.10", "fb082005a9cd1711c05b5248710f8826b02d7d1784e7c3451f9c1231d4fc162d", [:mix], [], "hexpm", "41195edbfb562a593726eda3b3e8b103a309b733ad25f3d642ba49696bf715dc"},
  "jason": {:hex, :jason, "1.4.1", "af1504e35f629ddcdd6addb3513c3853991f694921b1b9368b0bd32beb9f1b63", [:mix], [{:decimal, "~> 1.0 or ~> 2.0", [hex: :decimal, repo: "hexpm", optional: true]}], "hexpm", "fbb01ecdfd565b56261302f7e1fcc27c4fb8f32d56eab74db621fc154604a7a1"},
  "kafka_protocol": {:hex, :kafka_protocol, "4.1.0", "53fac8866969484f783bff204bd4e41e62a97ce9753c83f802a08d5bfc0e0c4c", [:rebar3], [{:crc32cer, "0.1.8", [hex: :crc32cer, repo: "hexpm", optional: false]}], "hexpm", "61cb8b80199bf95122cf8073e0f4c0ad62f82515b4d44c54f946a5972c3f5fa5"},
  "keyword_validator": {:hex, :keyword_validator, "2.0.1", "92ab90dc93ea9e049530eb0a79c8f074833942dfb93d25e6a946b71b70086b49", [:mix], [], "hexpm", "09715a32d458c6318d39c0a484e958ce20fff64d646188b5801c334179be9fc2"},
  "poolboy": {:hex, :poolboy, "1.5.2", "392b007a1693a64540cead79830443abf5762f5d30cf50bc95cb2c1aaafa006b", [:rebar3], [], "hexpm", "dad79704ce5440f3d5a3681c8590b9dc25d1a561e8f5a9c995281012860901e3"},
  "snappyer": {:hex, :snappyer, "1.2.8", "201ce9067a33c71a6a5087c0c3a49a010b17112d461e6df696c722dcb6d0934a", [:rebar3], [], "hexpm", "35518e79a28548b56d8fd6aee2f565f12f51c2d3d053f9cfa817c83be88c4f3d"},
  "sobelow": {:hex, :sobelow, "0.13.0", "218afe9075904793f5c64b8837cc356e493d88fddde126a463839351870b8d1e", [:mix], [{:jason, "~> 1.0", [hex: :jason, repo: "hexpm", optional: false]}], "hexpm", "cd6e9026b85fc35d7529da14f95e85a078d9dd1907a9097b3ba6ac7ebbe34a0d"},
  "supervisor3": {:hex, :supervisor3, "1.1.11", "d81cdec31d102fde407423e1d05b569572850deebed86b951d5233c387cba80b", [:rebar3], [], "hexpm", "e6c2dedbcabcba24995a218aca12db5e208b80d3252692b22ef0f1a266104b50"},
  "uuid": {:hex, :uuid, "1.1.8", "e22fc04499de0de3ed1116b770c7737779f226ceefa0badb3592e64d5cfb4eb9", [:mix], [], "hexpm", "c790593b4c3b601f5dc2378baae7efaf5b3d73c4c6456ba85759905be792f2ac"},
}
